
Microsoft Visual Studio Solution File, Format Version 10.00
# Visual Studio 2008
Project("{FAE04EC0-301F-11D3-BF4B-00C04F79EFBC}") = "Chapter 8", "Chapter 8.csproj", "{75088EA0-DEA7-4EC0-A790-7DFBD5C84BDD}"
EndProject
Global
	GlobalSection(SolutionConfigurationPlatforms) = preSolution
		Debug|Any CPU = Debug|Any CPU
		Release|Any CPU = Release|Any CPU
	EndGlobalSection
	GlobalSection(ProjectConfigurationPlatforms) = postSolution
		{75088EA0-DEA7-4EC0-A790-7DFBD5C84BDD}.Debug|Any CPU.ActiveCfg = Debug|Any CPU
		{75088EA0-DEA7-4EC0-A790-7DFBD5C84BDD}.Debug|Any CPU.Build.0 = Debug|Any CPU
		{75088EA0-DEA7-4EC0-A790-7DFBD5C84BDD}.Release|Any CPU.ActiveCfg = Release|Any CPU
		{75088EA0-DEA7-4EC0-A790-7DFBD5C84BDD}.Release|Any CPU.Build.0 = Release|Any CPU
	EndGlobalSection
	GlobalSection(SolutionProperties) = preSolution
		HideSolutionNode = FALSE
	EndGlobalSection
EndGlobal
