
Microsoft Visual Studio Solution File, Format Version 10.00
# Visual Studio 2008
Project("{FAE04EC0-301F-11D3-BF4B-00C04F79EFBC}") = "Chapter 6", "Chapter 6.csproj", "{1A3220A1-6786-4D6E-9CC1-BB447EE09BAC}"
EndProject
Global
	GlobalSection(SolutionConfigurationPlatforms) = preSolution
		Debug|Any CPU = Debug|Any CPU
		Release|Any CPU = Release|Any CPU
	EndGlobalSection
	GlobalSection(ProjectConfigurationPlatforms) = postSolution
		{1A3220A1-6786-4D6E-9CC1-BB447EE09BAC}.Debug|Any CPU.ActiveCfg = Debug|Any CPU
		{1A3220A1-6786-4D6E-9CC1-BB447EE09BAC}.Debug|Any CPU.Build.0 = Debug|Any CPU
		{1A3220A1-6786-4D6E-9CC1-BB447EE09BAC}.Release|Any CPU.ActiveCfg = Release|Any CPU
		{1A3220A1-6786-4D6E-9CC1-BB447EE09BAC}.Release|Any CPU.Build.0 = Release|Any CPU
	EndGlobalSection
	GlobalSection(SolutionProperties) = preSolution
		HideSolutionNode = FALSE
	EndGlobalSection
EndGlobal
