
Microsoft Visual Studio Solution File, Format Version 10.00
# Visual Studio 2008
Project("{FAE04EC0-301F-11D3-BF4B-00C04F79EFBC}") = "Chapter 12", "Chapter 12.csproj", "{8E06CA00-3383-4566-9E95-5C3A602BDA7B}"
EndProject
Global
	GlobalSection(SolutionConfigurationPlatforms) = preSolution
		Debug|Any CPU = Debug|Any CPU
		Release|Any CPU = Release|Any CPU
	EndGlobalSection
	GlobalSection(ProjectConfigurationPlatforms) = postSolution
		{8E06CA00-3383-4566-9E95-5C3A602BDA7B}.Debug|Any CPU.ActiveCfg = Debug|Any CPU
		{8E06CA00-3383-4566-9E95-5C3A602BDA7B}.Debug|Any CPU.Build.0 = Debug|Any CPU
		{8E06CA00-3383-4566-9E95-5C3A602BDA7B}.Release|Any CPU.ActiveCfg = Release|Any CPU
		{8E06CA00-3383-4566-9E95-5C3A602BDA7B}.Release|Any CPU.Build.0 = Release|Any CPU
	EndGlobalSection
	GlobalSection(SolutionProperties) = preSolution
		HideSolutionNode = FALSE
	EndGlobalSection
EndGlobal
