
Microsoft Visual Studio Solution File, Format Version 10.00
# Visual Studio 2008
Project("{FAE04EC0-301F-11D3-BF4B-00C04F79EFBC}") = "Chapter 7", "Chapter 7.csproj", "{D9E5BD9E-0225-4213-AC3D-E167606803D4}"
EndProject
Global
	GlobalSection(SolutionConfigurationPlatforms) = preSolution
		Debug|Any CPU = Debug|Any CPU
		Release|Any CPU = Release|Any CPU
	EndGlobalSection
	GlobalSection(ProjectConfigurationPlatforms) = postSolution
		{D9E5BD9E-0225-4213-AC3D-E167606803D4}.Debug|Any CPU.ActiveCfg = Debug|Any CPU
		{D9E5BD9E-0225-4213-AC3D-E167606803D4}.Debug|Any CPU.Build.0 = Debug|Any CPU
		{D9E5BD9E-0225-4213-AC3D-E167606803D4}.Release|Any CPU.ActiveCfg = Release|Any CPU
		{D9E5BD9E-0225-4213-AC3D-E167606803D4}.Release|Any CPU.Build.0 = Release|Any CPU
	EndGlobalSection
	GlobalSection(SolutionProperties) = preSolution
		HideSolutionNode = FALSE
	EndGlobalSection
EndGlobal
